
Microsoft Visual Studio Solution File, Format Version 12.00
# Visual Studio 15
Project("{FAE04EC0-301F-11D3-BF4B-00C04F79EFBC}") = "LeahsCode", "Assembly-CSharp.csproj", "{07704D47-30DF-734C-942A-E21C59910E11}"
EndProject
Project("{FAE04EC0-301F-11D3-BF4B-00C04F79EFBC}") = "LeahsCode", "WorldBuildingRuntime.csproj", "{9BA52151-CFDD-FEE7-589C-C6F45AF900E2}"
EndProject
Project("{FAE04EC0-301F-11D3-BF4B-00C04F79EFBC}") = "LeahsCode", "NavMeshComponents.csproj", "{EEFDC9BF-F5B9-873E-9764-2AB01EBD4E4B}"
EndProject
Project("{FAE04EC0-301F-11D3-BF4B-00C04F79EFBC}") = "LeahsCode", "SimpleSFXRuntime.csproj", "{FD56DB48-6BA6-8B05-E507-15376D5223C9}"
EndProject
Project("{FAE04EC0-301F-11D3-BF4B-00C04F79EFBC}") = "LeahsCode", "Skybox3DRuntime.csproj", "{1660DE66-4A44-F8E8-8BD1-7B22C2A4277F}"
EndProject
Project("{FAE04EC0-301F-11D3-BF4B-00C04F79EFBC}") = "LeahsCode", "Assembly-CSharp-Editor.csproj", "{DEE51A8B-22FB-D0FF-DDC7-E4C886131531}"
EndProject
Project("{FAE04EC0-301F-11D3-BF4B-00C04F79EFBC}") = "LeahsCode", "PackageManagerCheck.csproj", "{30B90EFB-1A6B-5772-C154-40A7B0BF4F1E}"
EndProject
Global
	GlobalSection(SolutionConfigurationPlatforms) = preSolution
		Debug|Any CPU = Debug|Any CPU
		Release|Any CPU = Release|Any CPU
	EndGlobalSection
	GlobalSection(ProjectConfigurationPlatforms) = postSolution
		{07704D47-30DF-734C-942A-E21C59910E11}.Debug|Any CPU.ActiveCfg = Debug|Any CPU
		{07704D47-30DF-734C-942A-E21C59910E11}.Debug|Any CPU.Build.0 = Debug|Any CPU
		{07704D47-30DF-734C-942A-E21C59910E11}.Release|Any CPU.ActiveCfg = Release|Any CPU
		{07704D47-30DF-734C-942A-E21C59910E11}.Release|Any CPU.Build.0 = Release|Any CPU
		{9BA52151-CFDD-FEE7-589C-C6F45AF900E2}.Debug|Any CPU.ActiveCfg = Debug|Any CPU
		{9BA52151-CFDD-FEE7-589C-C6F45AF900E2}.Debug|Any CPU.Build.0 = Debug|Any CPU
		{9BA52151-CFDD-FEE7-589C-C6F45AF900E2}.Release|Any CPU.ActiveCfg = Release|Any CPU
		{9BA52151-CFDD-FEE7-589C-C6F45AF900E2}.Release|Any CPU.Build.0 = Release|Any CPU
		{EEFDC9BF-F5B9-873E-9764-2AB01EBD4E4B}.Debug|Any CPU.ActiveCfg = Debug|Any CPU
		{EEFDC9BF-F5B9-873E-9764-2AB01EBD4E4B}.Debug|Any CPU.Build.0 = Debug|Any CPU
		{EEFDC9BF-F5B9-873E-9764-2AB01EBD4E4B}.Release|Any CPU.ActiveCfg = Release|Any CPU
		{EEFDC9BF-F5B9-873E-9764-2AB01EBD4E4B}.Release|Any CPU.Build.0 = Release|Any CPU
		{FD56DB48-6BA6-8B05-E507-15376D5223C9}.Debug|Any CPU.ActiveCfg = Debug|Any CPU
		{FD56DB48-6BA6-8B05-E507-15376D5223C9}.Debug|Any CPU.Build.0 = Debug|Any CPU
		{FD56DB48-6BA6-8B05-E507-15376D5223C9}.Release|Any CPU.ActiveCfg = Release|Any CPU
		{FD56DB48-6BA6-8B05-E507-15376D5223C9}.Release|Any CPU.Build.0 = Release|Any CPU
		{1660DE66-4A44-F8E8-8BD1-7B22C2A4277F}.Debug|Any CPU.ActiveCfg = Debug|Any CPU
		{1660DE66-4A44-F8E8-8BD1-7B22C2A4277F}.Debug|Any CPU.Build.0 = Debug|Any CPU
		{1660DE66-4A44-F8E8-8BD1-7B22C2A4277F}.Release|Any CPU.ActiveCfg = Release|Any CPU
		{1660DE66-4A44-F8E8-8BD1-7B22C2A4277F}.Release|Any CPU.Build.0 = Release|Any CPU
		{DEE51A8B-22FB-D0FF-DDC7-E4C886131531}.Debug|Any CPU.ActiveCfg = Debug|Any CPU
		{DEE51A8B-22FB-D0FF-DDC7-E4C886131531}.Debug|Any CPU.Build.0 = Debug|Any CPU
		{DEE51A8B-22FB-D0FF-DDC7-E4C886131531}.Release|Any CPU.ActiveCfg = Release|Any CPU
		{DEE51A8B-22FB-D0FF-DDC7-E4C886131531}.Release|Any CPU.Build.0 = Release|Any CPU
		{30B90EFB-1A6B-5772-C154-40A7B0BF4F1E}.Debug|Any CPU.ActiveCfg = Debug|Any CPU
		{30B90EFB-1A6B-5772-C154-40A7B0BF4F1E}.Debug|Any CPU.Build.0 = Debug|Any CPU
		{30B90EFB-1A6B-5772-C154-40A7B0BF4F1E}.Release|Any CPU.ActiveCfg = Release|Any CPU
		{30B90EFB-1A6B-5772-C154-40A7B0BF4F1E}.Release|Any CPU.Build.0 = Release|Any CPU
	EndGlobalSection
	GlobalSection(SolutionProperties) = preSolution
		HideSolutionNode = FALSE
	EndGlobalSection
EndGlobal
